
Microsoft Visual Studio Solution File, Format Version 12.00
# Visual Studio Version 17
VisualStudioVersion = 17.12.35521.163
MinimumVisualStudioVersion = 10.0.40219.1
Project("{FAE04EC0-301F-11D3-BF4B-00C04F79EFBC}") = "Robot_Interface_Chesneau", "Robot_Interface_Chesneau\Robot_Interface_Chesneau.csproj", "{6BC50471-9E18-4D0A-BB3F-D84A746FDD3F}"
EndProject
Project("{FAE04EC0-301F-11D3-BF4B-00C04F79EFBC}") = "ExtendedSerialPort", "..\ExtendedSerialPort .NET6\ExtendedSerialPort .NET6\ExtendedSerialPort\ExtendedSerialPort\ExtendedSerialPort.csproj", "{DD0E1AE3-7082-44AB-AF50-5BCB8B04EA63}"
EndProject
Global
	GlobalSection(SolutionConfigurationPlatforms) = preSolution
		Debug|Any CPU = Debug|Any CPU
		Release|Any CPU = Release|Any CPU
	EndGlobalSection
	GlobalSection(ProjectConfigurationPlatforms) = postSolution
		{6BC50471-9E18-4D0A-BB3F-D84A746FDD3F}.Debug|Any CPU.ActiveCfg = Debug|Any CPU
		{6BC50471-9E18-4D0A-BB3F-D84A746FDD3F}.Debug|Any CPU.Build.0 = Debug|Any CPU
		{6BC50471-9E18-4D0A-BB3F-D84A746FDD3F}.Release|Any CPU.ActiveCfg = Release|Any CPU
		{6BC50471-9E18-4D0A-BB3F-D84A746FDD3F}.Release|Any CPU.Build.0 = Release|Any CPU
		{DD0E1AE3-7082-44AB-AF50-5BCB8B04EA63}.Debug|Any CPU.ActiveCfg = Debug|Any CPU
		{DD0E1AE3-7082-44AB-AF50-5BCB8B04EA63}.Debug|Any CPU.Build.0 = Debug|Any CPU
		{DD0E1AE3-7082-44AB-AF50-5BCB8B04EA63}.Release|Any CPU.ActiveCfg = Release|Any CPU
		{DD0E1AE3-7082-44AB-AF50-5BCB8B04EA63}.Release|Any CPU.Build.0 = Release|Any CPU
	EndGlobalSection
	GlobalSection(SolutionProperties) = preSolution
		HideSolutionNode = FALSE
	EndGlobalSection
EndGlobal
